{
  "nodes": {
    "alejandra": {
      "inputs": {
        "flakeCompat": "flakeCompat",
        "nixpkgs": [
          "nixpkgs"
        ]
      },
      "locked": {
        "lastModified": 1646937181,
        "narHash": "sha256-vkFKYnSmhPPXtc3AH7iRtqRRqxhj0o5WySqPT+klDWU=",
        "owner": "kamadorueda",
        "repo": "alejandra",
        "rev": "b75302002c94a158faebf5fca9e0d72f2ca59f4d",
        "type": "github"
      },
      "original": {
        "owner": "kamadorueda",
        "ref": "1.1.0",
        "repo": "alejandra",
        "type": "github"
      }
    },
    "deadnix": {
      "inputs": {
        "naersk": [
          "naersk"
        ],
        "nixpkgs": [
          "nixpkgs"
        ],
        "utils": "utils"
      },
      "locked": {
        "lastModified": 1671207048,
        "narHash": "sha256-w74IPeELOR5hUisOog+aOKLOG8Y+XWWsp8A7S9E4Vuk=",
        "owner": "astro",
        "repo": "deadnix",
        "rev": "d8e8ab9c55e3934b396ab485252c2dbdd8725729",
        "type": "github"
      },
      "original": {
        "owner": "astro",
        "repo": "deadnix",
        "type": "github"
      }
    },
    "dns": {
      "inputs": {
        "flake-utils": "flake-utils",
        "nixpkgs": [
          "nixpkgs"
        ]
      },
      "locked": {
        "lastModified": 1635273082,
        "narHash": "sha256-EHiDP2jEa7Ai5ZwIf5uld9RVFcV77+2SUxjQXwJsJa0=",
        "owner": "kirelagin",
        "repo": "dns.nix",
        "rev": "c7b9645da9c0ddce4f9de4ef27ec01bb8108039a",
        "type": "github"
      },
      "original": {
        "owner": "kirelagin",
        "repo": "dns.nix",
        "type": "github"
      }
    },
    "fenix": {
      "inputs": {
        "nixpkgs": [
          "nixpkgs"
        ],
        "rust-analyzer-src": "rust-analyzer-src"
      },
      "locked": {
        "lastModified": 1672468395,
        "narHash": "sha256-eIrQGHZub98IiLqtFXa00ooHBCjtKY+rfKJs5lhyF/c=",
        "owner": "nix-community",
        "repo": "fenix",
        "rev": "d6f9bdfb4a25395b15f6c6feba3d0bba5e62b3ce",
        "type": "github"
      },
      "original": {
        "owner": "nix-community",
        "repo": "fenix",
        "type": "github"
      }
    },
    "flake-utils": {
      "locked": {
        "lastModified": 1614513358,
        "narHash": "sha256-LakhOx3S1dRjnh0b5Dg3mbZyH0ToC9I8Y2wKSkBaTzU=",
        "owner": "numtide",
        "repo": "flake-utils",
        "rev": "5466c5bbece17adaab2d82fae80b46e807611bf3",
        "type": "github"
      },
      "original": {
        "owner": "numtide",
        "repo": "flake-utils",
        "type": "github"
      }
    },
    "flakeCompat": {
      "flake": false,
      "locked": {
        "lastModified": 1641205782,
        "narHash": "sha256-4jY7RCWUoZ9cKD8co0/4tFARpWB+57+r1bLLvXNJliY=",
        "owner": "edolstra",
        "repo": "flake-compat",
        "rev": "b7547d3eed6f32d06102ead8991ec52ab0a4f1a7",
        "type": "github"
      },
      "original": {
        "owner": "edolstra",
        "repo": "flake-compat",
        "type": "github"
      }
    },
    "mvn2nix": {
      "inputs": {
        "nixpkgs": [
          "nixpkgs"
        ],
        "utils": "utils_2"
      },
      "locked": {
        "lastModified": 1629170129,
        "narHash": "sha256-v/HvYqzkPaGin1ujo+Fi59wXC9vWxW3lYVSwElORRi8=",
        "owner": "fzakaria",
        "repo": "mvn2nix",
        "rev": "ea21cfe97069feee55fa307ca9b125616c1fa84f",
        "type": "github"
      },
      "original": {
        "owner": "fzakaria",
        "repo": "mvn2nix",
        "type": "github"
      }
    },
    "naersk": {
      "inputs": {
        "nixpkgs": [
          "nixpkgs"
        ]
      },
      "locked": {
        "lastModified": 1671096816,
        "narHash": "sha256-ezQCsNgmpUHdZANDCILm3RvtO1xH8uujk/+EqNvzIOg=",
        "owner": "nix-community",
        "repo": "naersk",
        "rev": "d998160d6a076cfe8f9741e56aeec7e267e3e114",
        "type": "github"
      },
      "original": {
        "owner": "nix-community",
        "repo": "naersk",
        "type": "github"
      }
    },
    "nixos-shell": {
      "inputs": {
        "nixpkgs": [
          "nixpkgs"
        ]
      },
      "locked": {
        "lastModified": 1646257415,
        "narHash": "sha256-whHBBcthLhEIy2VTaioRZOSZoZR7pk4Qr4DVxwU0r9Y=",
        "owner": "Mic92",
        "repo": "nixos-shell",
        "rev": "55de7d4d449ff30cdde8b8fe484a86eef477245e",
        "type": "github"
      },
      "original": {
        "owner": "Mic92",
        "repo": "nixos-shell",
        "type": "github"
      }
    },
    "nixpkgs": {
      "locked": {
        "lastModified": 1659446231,
        "narHash": "sha256-hekabNdTdgR/iLsgce5TGWmfIDZ86qjPhxDg/8TlzhE=",
        "owner": "NixOS",
        "repo": "nixpkgs",
        "rev": "eabc38219184cc3e04a974fe31857d8e0eac098d",
        "type": "github"
      },
      "original": {
        "owner": "NixOS",
        "ref": "nixos-21.11-small",
        "repo": "nixpkgs",
        "type": "github"
      }
    },
    "nixpkgs-stable": {
      "locked": {
        "lastModified": 1671923641,
        "narHash": "sha256-flPauiL5UrfRJD+1oAcEefpEIUqTqnyKScWe/UUU+lE=",
        "owner": "NixOS",
        "repo": "nixpkgs",
        "rev": "939c05a176b8485971463c18c44f48e56a7801c9",
        "type": "github"
      },
      "original": {
        "owner": "NixOS",
        "ref": "release-22.11",
        "repo": "nixpkgs",
        "type": "github"
      }
    },
    "root": {
      "inputs": {
        "alejandra": "alejandra",
        "deadnix": "deadnix",
        "dns": "dns",
        "fenix": "fenix",
        "mvn2nix": "mvn2nix",
        "naersk": "naersk",
        "nixos-shell": "nixos-shell",
        "nixpkgs": "nixpkgs",
        "sops-nix": "sops-nix"
      }
    },
    "rust-analyzer-src": {
      "flake": false,
      "locked": {
        "lastModified": 1672438471,
        "narHash": "sha256-bB/7XFnRgGhOhYY6HIov7eF/qnR5NPtKtSfDa2aWqh8=",
        "owner": "rust-lang",
        "repo": "rust-analyzer",
        "rev": "0d76b94c90a20c20d3e57ea1ab03d9afa00dee72",
        "type": "github"
      },
      "original": {
        "owner": "rust-lang",
        "ref": "nightly",
        "repo": "rust-analyzer",
        "type": "github"
      }
    },
    "sops-nix": {
      "inputs": {
        "nixpkgs": [
          "nixpkgs"
        ],
        "nixpkgs-stable": "nixpkgs-stable"
      },
      "locked": {
        "lastModified": 1671937829,
        "narHash": "sha256-YtaNB+mLw0d67JFYNjRWM+/AL3JCXuD/DGlnTlyX1tY=",
        "owner": "Mic92",
        "repo": "sops-nix",
        "rev": "855b8d51fc3991bd817978f0f093aa6ae0fae738",
        "type": "github"
      },
      "original": {
        "owner": "Mic92",
        "repo": "sops-nix",
        "type": "github"
      }
    },
    "utils": {
      "locked": {
        "lastModified": 1667395993,
        "narHash": "sha256-nuEHfE/LcWyuSWnS8t12N1wc105Qtau+/OdUAjtQ0rA=",
        "owner": "numtide",
        "repo": "flake-utils",
        "rev": "5aed5285a952e0b949eb3ba02c12fa4fcfef535f",
        "type": "github"
      },
      "original": {
        "owner": "numtide",
        "repo": "flake-utils",
        "type": "github"
      }
    },
    "utils_2": {
      "locked": {
        "lastModified": 1623875721,
        "narHash": "sha256-A8BU7bjS5GirpAUv4QA+QnJ4CceLHkcXdRp4xITDB0s=",
        "owner": "numtide",
        "repo": "flake-utils",
        "rev": "f7e004a55b120c02ecb6219596820fcd32ca8772",
        "type": "github"
      },
      "original": {
        "owner": "numtide",
        "repo": "flake-utils",
        "type": "github"
      }
    }
  },
  "root": "root",
  "version": 7
}
